// !$*UTF8*$!
{
	archiveVersion = 1;
	classes = {
	};
	objectVersion = 51;
	objects = {

/* Begin PBXBuildFile section */
		0C6BD00725F4F0EF002E387A /* AppDelegate.m in Sources */ = {isa = PBXBuildFile; fileRef = 0C6BD00625F4F0EF002E387A /* AppDelegate.m */; };
		0C6BD00C25F4F0F2002E387A /* Assets.xcassets in Resources */ = {isa = PBXBuildFile; fileRef = 0C6BD00B25F4F0F2002E387A /* Assets.xcassets */; };
		0C6BD01225F4F0F2002E387A /* main.m in Sources */ = {isa = PBXBuildFile; fileRef = 0C6BD01125F4F0F2002E387A /* main.m */; };
		0C6BD01D25F4F0F2002E387A /* ChaosComponentTests.m in Sources */ = {isa = PBXBuildFile; fileRef = 0C6BD01C25F4F0F2002E387A /* ChaosComponentTests.m */; };
		0C6BD02825F4F0F2002E387A /* ChaosComponentUITests.m in Sources */ = {isa = PBXBuildFile; fileRef = 0C6BD02725F4F0F2002E387A /* ChaosComponentUITests.m */; };
		0C82BEC42610128A0026D471 /* Stack.cpp in Sources */ = {isa = PBXBuildFile; fileRef = 0C82BEC22610128A0026D471 /* Stack.cpp */; };
		0C82BECA261014B30026D471 /* ArrayList.cpp in Sources */ = {isa = PBXBuildFile; fileRef = 0C82BEC8261014B30026D471 /* ArrayList.cpp */; };
		0C82BED326101D8E0026D471 /* ChaosDataStructureViewController.mm in Sources */ = {isa = PBXBuildFile; fileRef = 0C82BED226101D8E0026D471 /* ChaosDataStructureViewController.mm */; };
		0C82BED926101DDF0026D471 /* ChaosDataStructureModule.m in Sources */ = {isa = PBXBuildFile; fileRef = 0C82BED726101DDF0026D471 /* ChaosDataStructureModule.m */; };
		0C82BEE2261060410026D471 /* 20_有效的括号.cpp in Sources */ = {isa = PBXBuildFile; fileRef = 0C82BEE1261060410026D471 /* 20_有效的括号.cpp */; };
		0C82BEE82610B7180026D471 /* Queue.cpp in Sources */ = {isa = PBXBuildFile; fileRef = 0C82BEE62610B7180026D471 /* Queue.cpp */; };
		0C82BEED2610BB600026D471 /* 232_用栈实现队列.cpp in Sources */ = {isa = PBXBuildFile; fileRef = 0C82BEEC2610BB600026D471 /* 232_用栈实现队列.cpp */; };
		E9028F22261ED3920033D908 /* BinarySearchTree.cpp in Sources */ = {isa = PBXBuildFile; fileRef = E9028F20261ED3920033D908 /* BinarySearchTree.cpp */; };
		E9028F2A261EDB400033D908 /* BinaryTreeInfo.cpp in Sources */ = {isa = PBXBuildFile; fileRef = E9028F29261EDB400033D908 /* BinaryTreeInfo.cpp */; };
		E90B26BD25F5C56300D25381 /* ChaosViewController.m in Sources */ = {isa = PBXBuildFile; fileRef = E90B26BC25F5C56300D25381 /* ChaosViewController.m */; };
		E90B26C625F5C59200D25381 /* ChaosHomeModule.m in Sources */ = {isa = PBXBuildFile; fileRef = E90B26C525F5C59200D25381 /* ChaosHomeModule.m */; };
		E90B26D125F5C97E00D25381 /* ChaosBasicKnowledgeViewController.mm in Sources */ = {isa = PBXBuildFile; fileRef = E90B26D025F5C97E00D25381 /* ChaosBasicKnowledgeViewController.mm */; };
		E90B26DB25F5CA5C00D25381 /* ChaosFrameKnowledgeViewController.m in Sources */ = {isa = PBXBuildFile; fileRef = E90B26DA25F5CA5C00D25381 /* ChaosFrameKnowledgeViewController.m */; };
		E90B26E225F5CB4300D25381 /* ChaosFrameModule.m in Sources */ = {isa = PBXBuildFile; fileRef = E90B26E125F5CB4300D25381 /* ChaosFrameModule.m */; };
		E90B271025F5EBF500D25381 /* Default-667h@2x.png in Resources */ = {isa = PBXBuildFile; fileRef = E90B270C25F5EBF500D25381 /* Default-667h@2x.png */; };
		E90B273225F5F8AB00D25381 /* Default-896h@2x.png in Resources */ = {isa = PBXBuildFile; fileRef = E90B273125F5F8AB00D25381 /* Default-896h@2x.png */; };
		E90F0AF82627D9BB00FA120B /* AVLBinaryTree.cpp in Sources */ = {isa = PBXBuildFile; fileRef = E90F0AF62627D9BB00FA120B /* AVLBinaryTree.cpp */; };
		E90F0B152628400900FA120B /* BTNode.cpp in Sources */ = {isa = PBXBuildFile; fileRef = E90F0B132628400900FA120B /* BTNode.cpp */; };
		E90F0B1C262840B200FA120B /* AVLNode.cpp in Sources */ = {isa = PBXBuildFile; fileRef = E90F0B1A262840B200FA120B /* AVLNode.cpp */; };
		E91B1F98260D87C100044C88 /* CircleLinkedList.cpp in Sources */ = {isa = PBXBuildFile; fileRef = E91B1F97260D87C100044C88 /* CircleLinkedList.cpp */; };
		E927388926045085002115D3 /* MArray.cpp in Sources */ = {isa = PBXBuildFile; fileRef = E927377B2601C502002115D3 /* MArray.cpp */; };
		E927388D26045164002115D3 /* MArray.hpp in Sources */ = {isa = PBXBuildFile; fileRef = E927377C2601C502002115D3 /* MArray.hpp */; };
		E92738B126047324002115D3 /* ChaosBasicModule.m in Sources */ = {isa = PBXBuildFile; fileRef = E92738B026047324002115D3 /* ChaosBasicModule.m */; };
		E938D1CB2673567100E172FA /* RBTree.cpp in Sources */ = {isa = PBXBuildFile; fileRef = E938D1C72673567100E172FA /* RBTree.cpp */; };
		E938D1CC2673567100E172FA /* RBNode.cpp in Sources */ = {isa = PBXBuildFile; fileRef = E938D1C82673567100E172FA /* RBNode.cpp */; };
		E96FD280262EE35900C2A567 /* BinaryTree.cpp in Sources */ = {isa = PBXBuildFile; fileRef = E96FD27E262EE35900C2A567 /* BinaryTree.cpp */; };
		E990F203260ACC020083D6DB /* 206_反转链表.cpp in Sources */ = {isa = PBXBuildFile; fileRef = E990F202260ACC020083D6DB /* 206_反转链表.cpp */; };
		E990F219260AF3CD0083D6DB /* 141_环型链表.cpp in Sources */ = {isa = PBXBuildFile; fileRef = E990F218260AF3CD0083D6DB /* 141_环型链表.cpp */; };
		E990F2CC260B592D0083D6DB /* 237_删除链表节点.cpp in Sources */ = {isa = PBXBuildFile; fileRef = E990F2CB260B592D0083D6DB /* 237_删除链表节点.cpp */; };
		E990F2DA260C22F20083D6DB /* SingleLinkedList.cpp in Sources */ = {isa = PBXBuildFile; fileRef = E990F2D6260C22F20083D6DB /* SingleLinkedList.cpp */; };
		E990F2DB260C22F20083D6DB /* LinkedList.cpp in Sources */ = {isa = PBXBuildFile; fileRef = E990F2D9260C22F20083D6DB /* LinkedList.cpp */; };
		E9B88B5A2608BBB000085A63 /* AbstractList.cpp in Sources */ = {isa = PBXBuildFile; fileRef = E9B88B582608BBB000085A63 /* AbstractList.cpp */; };
		E9B88B602608BDAD00085A63 /* List.cpp in Sources */ = {isa = PBXBuildFile; fileRef = E9B88B5E2608BDAD00085A63 /* List.cpp */; };
		E9D4052C26A7EEBA00E7E33B /* BCSqliteType.m in Sources */ = {isa = PBXBuildFile; fileRef = E9D4050E26A7EEBA00E7E33B /* BCSqliteType.m */; };
		E9D4052D26A7EEBA00E7E33B /* BCSqlInt.m in Sources */ = {isa = PBXBuildFile; fileRef = E9D4050F26A7EEBA00E7E33B /* BCSqlInt.m */; };
		E9D4052E26A7EEBA00E7E33B /* BCSqlReal.m in Sources */ = {isa = PBXBuildFile; fileRef = E9D4051026A7EEBA00E7E33B /* BCSqlReal.m */; };
		E9D4052F26A7EEBA00E7E33B /* BCSqlText.m in Sources */ = {isa = PBXBuildFile; fileRef = E9D4051126A7EEBA00E7E33B /* BCSqlText.m */; };
		E9D4053026A7EEBA00E7E33B /* BCConstraints.m in Sources */ = {isa = PBXBuildFile; fileRef = E9D4051A26A7EEBA00E7E33B /* BCConstraints.m */; };
		E9D4053126A7EEBA00E7E33B /* BCReferences.m in Sources */ = {isa = PBXBuildFile; fileRef = E9D4051B26A7EEBA00E7E33B /* BCReferences.m */; };
		E9D4053226A7EEBA00E7E33B /* BCORMHelper.m in Sources */ = {isa = PBXBuildFile; fileRef = E9D4051C26A7EEBA00E7E33B /* BCORMHelper.m */; };
		E9D4053326A7EEBA00E7E33B /* BCSqlParameter.m in Sources */ = {isa = PBXBuildFile; fileRef = E9D4051D26A7EEBA00E7E33B /* BCSqlParameter.m */; };
		E9D4053426A7EEBA00E7E33B /* FMDatabase+InMemoryOnDiskIO.m in Sources */ = {isa = PBXBuildFile; fileRef = E9D4052426A7EEBA00E7E33B /* FMDatabase+InMemoryOnDiskIO.m */; };
		E9D4053526A7EEBA00E7E33B /* FMDatabase+FTS3.m in Sources */ = {isa = PBXBuildFile; fileRef = E9D4052626A7EEBA00E7E33B /* FMDatabase+FTS3.m */; };
		E9D4053626A7EEBA00E7E33B /* FMTokenizers.m in Sources */ = {isa = PBXBuildFile; fileRef = E9D4052826A7EEBA00E7E33B /* FMTokenizers.m */; };
		E9D4053826A7EED200E7E33B /* class UML.png in Resources */ = {isa = PBXBuildFile; fileRef = E9D4053726A7EED200E7E33B /* class UML.png */; };
		E9D40D332612DD3700C0EFA8 /* CircleDeque.cpp in Sources */ = {isa = PBXBuildFile; fileRef = E9D40D322612DD3700C0EFA8 /* CircleDeque.cpp */; };
		E9DA9BD126A2AD6800E9736C /* NSObject+image.m in Sources */ = {isa = PBXBuildFile; fileRef = E9DA9BD026A2AD6700E9736C /* NSObject+image.m */; };
		E9E673492611AB0A00373880 /* Deque.cpp in Sources */ = {isa = PBXBuildFile; fileRef = E9E673472611AB0A00373880 /* Deque.cpp */; };
		E9E673D02611E89700373880 /* CircleQueue.cpp in Sources */ = {isa = PBXBuildFile; fileRef = E9E673CE2611E89700373880 /* CircleQueue.cpp */; };
		E9F0D6DB2671ED0E004881E2 /* BBSTree.cpp in Sources */ = {isa = PBXBuildFile; fileRef = E9F0D6D92671ED0E004881E2 /* BBSTree.cpp */; };
		E9F2E59B260CBC5D0098F40C /* SingleCircleLinkedList.cpp in Sources */ = {isa = PBXBuildFile; fileRef = E9F2E599260CBC5D0098F40C /* SingleCircleLinkedList.cpp */; };
		FF02554493F8F7B5C5571683 /* libPods-ChaosComponent.a in Frameworks */ = {isa = PBXBuildFile; fileRef = 4420094E54B0E213F0240C47 /* libPods-ChaosComponent.a */; };
/* End PBXBuildFile section */

/* Begin PBXContainerItemProxy section */
		0C6BD01925F4F0F2002E387A /* PBXContainerItemProxy */ = {
			isa = PBXContainerItemProxy;
			containerPortal = 0C6BCFFA25F4F0EF002E387A /* Project object */;
			proxyType = 1;
			remoteGlobalIDString = 0C6BD00125F4F0EF002E387A;
			remoteInfo = ChaosComponent;
		};
		0C6BD02425F4F0F2002E387A /* PBXContainerItemProxy */ = {
			isa = PBXContainerItemProxy;
			containerPortal = 0C6BCFFA25F4F0EF002E387A /* Project object */;
			proxyType = 1;
			remoteGlobalIDString = 0C6BD00125F4F0EF002E387A;
			remoteInfo = ChaosComponent;
		};
/* End PBXContainerItemProxy section */

/* Begin PBXFileReference section */
		0C6BD00225F4F0EF002E387A /* ChaosComponent.app */ = {isa = PBXFileReference; explicitFileType = wrapper.application; includeInIndex = 0; path = ChaosComponent.app; sourceTree = BUILT_PRODUCTS_DIR; };
		0C6BD00525F4F0EF002E387A /* AppDelegate.h */ = {isa = PBXFileReference; lastKnownFileType = sourcecode.c.h; path = AppDelegate.h; sourceTree = "<group>"; };
		0C6BD00625F4F0EF002E387A /* AppDelegate.m */ = {isa = PBXFileReference; lastKnownFileType = sourcecode.c.objc; path = AppDelegate.m; sourceTree = "<group>"; };
		0C6BD00B25F4F0F2002E387A /* Assets.xcassets */ = {isa = PBXFileReference; lastKnownFileType = folder.assetcatalog; path = Assets.xcassets; sourceTree = "<group>"; };
		0C6BD01025F4F0F2002E387A /* Info.plist */ = {isa = PBXFileReference; lastKnownFileType = text.plist.xml; path = Info.plist; sourceTree = "<group>"; };
		0C6BD01125F4F0F2002E387A /* main.m */ = {isa = PBXFileReference; lastKnownFileType = sourcecode.c.objc; path = main.m; sourceTree = "<group>"; };
		0C6BD01325F4F0F2002E387A /* ChaosComponent.entitlements */ = {isa = PBXFileReference; lastKnownFileType = text.plist.entitlements; path = ChaosComponent.entitlements; sourceTree = "<group>"; };
		0C6BD01825F4F0F2002E387A /* ChaosComponentTests.xctest */ = {isa = PBXFileReference; explicitFileType = wrapper.cfbundle; includeInIndex = 0; path = ChaosComponentTests.xctest; sourceTree = BUILT_PRODUCTS_DIR; };
		0C6BD01C25F4F0F2002E387A /* ChaosComponentTests.m */ = {isa = PBXFileReference; lastKnownFileType = sourcecode.c.objc; path = ChaosComponentTests.m; sourceTree = "<group>"; };
		0C6BD01E25F4F0F2002E387A /* Info.plist */ = {isa = PBXFileReference; lastKnownFileType = text.plist.xml; path = Info.plist; sourceTree = "<group>"; };
		0C6BD02325F4F0F2002E387A /* ChaosComponentUITests.xctest */ = {isa = PBXFileReference; explicitFileType = wrapper.cfbundle; includeInIndex = 0; path = ChaosComponentUITests.xctest; sourceTree = BUILT_PRODUCTS_DIR; };
		0C6BD02725F4F0F2002E387A /* ChaosComponentUITests.m */ = {isa = PBXFileReference; lastKnownFileType = sourcecode.c.objc; path = ChaosComponentUITests.m; sourceTree = "<group>"; };
		0C6BD02925F4F0F2002E387A /* Info.plist */ = {isa = PBXFileReference; lastKnownFileType = text.plist.xml; path = Info.plist; sourceTree = "<group>"; };
		0C82BEC22610128A0026D471 /* Stack.cpp */ = {isa = PBXFileReference; lastKnownFileType = sourcecode.cpp.cpp; path = Stack.cpp; sourceTree = "<group>"; };
		0C82BEC32610128A0026D471 /* Stack.hpp */ = {isa = PBXFileReference; lastKnownFileType = sourcecode.cpp.h; path = Stack.hpp; sourceTree = "<group>"; };
		0C82BEC8261014B30026D471 /* ArrayList.cpp */ = {isa = PBXFileReference; lastKnownFileType = sourcecode.cpp.cpp; path = ArrayList.cpp; sourceTree = "<group>"; };
		0C82BEC9261014B30026D471 /* ArrayList.hpp */ = {isa = PBXFileReference; lastKnownFileType = sourcecode.cpp.h; path = ArrayList.hpp; sourceTree = "<group>"; };
		0C82BED126101D8E0026D471 /* ChaosDataStructureViewController.h */ = {isa = PBXFileReference; lastKnownFileType = sourcecode.c.h; path = ChaosDataStructureViewController.h; sourceTree = "<group>"; };
		0C82BED226101D8E0026D471 /* ChaosDataStructureViewController.mm */ = {isa = PBXFileReference; lastKnownFileType = sourcecode.cpp.objcpp; path = ChaosDataStructureViewController.mm; sourceTree = "<group>"; };
		0C82BED726101DDF0026D471 /* ChaosDataStructureModule.m */ = {isa = PBXFileReference; fileEncoding = 4; lastKnownFileType = sourcecode.c.objc; path = ChaosDataStructureModule.m; sourceTree = "<group>"; };
		0C82BED826101DDF0026D471 /* ChaosDataStructureModule.h */ = {isa = PBXFileReference; fileEncoding = 4; lastKnownFileType = sourcecode.c.h; path = ChaosDataStructureModule.h; sourceTree = "<group>"; };
		0C82BEDD26101ECB0026D471 /* DataStructureServiceProtocol.h */ = {isa = PBXFileReference; fileEncoding = 4; lastKnownFileType = sourcecode.c.h; path = DataStructureServiceProtocol.h; sourceTree = "<group>"; };
		0C82BEE1261060410026D471 /* 20_有效的括号.cpp */ = {isa = PBXFileReference; lastKnownFileType = sourcecode.cpp.cpp; path = "20_有效的括号.cpp"; sourceTree = "<group>"; };
		0C82BEE62610B7180026D471 /* Queue.cpp */ = {isa = PBXFileReference; lastKnownFileType = sourcecode.cpp.cpp; path = Queue.cpp; sourceTree = "<group>"; };
		0C82BEE72610B7180026D471 /* Queue.hpp */ = {isa = PBXFileReference; lastKnownFileType = sourcecode.cpp.h; path = Queue.hpp; sourceTree = "<group>"; };
		0C82BEEC2610BB600026D471 /* 232_用栈实现队列.cpp */ = {isa = PBXFileReference; lastKnownFileType = sourcecode.cpp.cpp; path = "232_用栈实现队列.cpp"; sourceTree = "<group>"; };
		2A492053DFE57439742ECB63 /* Pods-ChaosComponent.debug.xcconfig */ = {isa = PBXFileReference; includeInIndex = 1; lastKnownFileType = text.xcconfig; name = "Pods-ChaosComponent.debug.xcconfig"; path = "Target Support Files/Pods-ChaosComponent/Pods-ChaosComponent.debug.xcconfig"; sourceTree = "<group>"; };
		3285AC0067AB51D2A9469CDF /* Pods-ChaosComponent.release.xcconfig */ = {isa = PBXFileReference; includeInIndex = 1; lastKnownFileType = text.xcconfig; name = "Pods-ChaosComponent.release.xcconfig"; path = "Target Support Files/Pods-ChaosComponent/Pods-ChaosComponent.release.xcconfig"; sourceTree = "<group>"; };
		4420094E54B0E213F0240C47 /* libPods-ChaosComponent.a */ = {isa = PBXFileReference; explicitFileType = archive.ar; includeInIndex = 0; path = "libPods-ChaosComponent.a"; sourceTree = BUILT_PRODUCTS_DIR; };
		E9028F20261ED3920033D908 /* BinarySearchTree.cpp */ = {isa = PBXFileReference; lastKnownFileType = sourcecode.cpp.cpp; path = BinarySearchTree.cpp; sourceTree = "<group>"; };
		E9028F21261ED3920033D908 /* BinarySearchTree.hpp */ = {isa = PBXFileReference; lastKnownFileType = sourcecode.cpp.h; path = BinarySearchTree.hpp; sourceTree = "<group>"; };
		E9028F29261EDB400033D908 /* BinaryTreeInfo.cpp */ = {isa = PBXFileReference; lastKnownFileType = sourcecode.cpp.cpp; path = BinaryTreeInfo.cpp; sourceTree = "<group>"; };
		E90B26B625F5C4B900D25381 /* HomeServiceProtocol.h */ = {isa = PBXFileReference; lastKnownFileType = sourcecode.c.h; path = HomeServiceProtocol.h; sourceTree = "<group>"; };
		E90B26BB25F5C56300D25381 /* ChaosViewController.h */ = {isa = PBXFileReference; lastKnownFileType = sourcecode.c.h; path = ChaosViewController.h; sourceTree = "<group>"; };
		E90B26BC25F5C56300D25381 /* ChaosViewController.m */ = {isa = PBXFileReference; lastKnownFileType = sourcecode.c.objc; path = ChaosViewController.m; sourceTree = "<group>"; };
		E90B26C425F5C59200D25381 /* ChaosHomeModule.h */ = {isa = PBXFileReference; lastKnownFileType = sourcecode.c.h; path = ChaosHomeModule.h; sourceTree = "<group>"; };
		E90B26C525F5C59200D25381 /* ChaosHomeModule.m */ = {isa = PBXFileReference; lastKnownFileType = sourcecode.c.objc; path = ChaosHomeModule.m; sourceTree = "<group>"; };
		E90B26CA25F5C69600D25381 /* BHService.h */ = {isa = PBXFileReference; lastKnownFileType = sourcecode.c.h; path = BHService.h; sourceTree = "<group>"; };
		E90B26CF25F5C97E00D25381 /* ChaosBasicKnowledgeViewController.h */ = {isa = PBXFileReference; lastKnownFileType = sourcecode.c.h; path = ChaosBasicKnowledgeViewController.h; sourceTree = "<group>"; };
		E90B26D025F5C97E00D25381 /* ChaosBasicKnowledgeViewController.mm */ = {isa = PBXFileReference; lastKnownFileType = sourcecode.cpp.objcpp; path = ChaosBasicKnowledgeViewController.mm; sourceTree = "<group>"; };
		E90B26D925F5CA5C00D25381 /* ChaosFrameKnowledgeViewController.h */ = {isa = PBXFileReference; lastKnownFileType = sourcecode.c.h; path = ChaosFrameKnowledgeViewController.h; sourceTree = "<group>"; };
		E90B26DA25F5CA5C00D25381 /* ChaosFrameKnowledgeViewController.m */ = {isa = PBXFileReference; lastKnownFileType = sourcecode.c.objc; path = ChaosFrameKnowledgeViewController.m; sourceTree = "<group>"; };
		E90B26DF25F5CAB200D25381 /* FrameServiceProtocol.h */ = {isa = PBXFileReference; lastKnownFileType = sourcecode.c.h; path = FrameServiceProtocol.h; sourceTree = "<group>"; };
		E90B26E025F5CB4300D25381 /* ChaosFrameModule.h */ = {isa = PBXFileReference; lastKnownFileType = sourcecode.c.h; path = ChaosFrameModule.h; sourceTree = "<group>"; };
		E90B26E125F5CB4300D25381 /* ChaosFrameModule.m */ = {isa = PBXFileReference; lastKnownFileType = sourcecode.c.objc; path = ChaosFrameModule.m; sourceTree = "<group>"; };
		E90B270C25F5EBF500D25381 /* Default-667h@2x.png */ = {isa = PBXFileReference; lastKnownFileType = image.png; path = "Default-667h@2x.png"; sourceTree = "<group>"; };
		E90B273125F5F8AB00D25381 /* Default-896h@2x.png */ = {isa = PBXFileReference; lastKnownFileType = image.png; path = "Default-896h@2x.png"; sourceTree = "<group>"; };
		E90F0AF62627D9BB00FA120B /* AVLBinaryTree.cpp */ = {isa = PBXFileReference; lastKnownFileType = sourcecode.cpp.cpp; path = AVLBinaryTree.cpp; sourceTree = "<group>"; };
		E90F0AF72627D9BB00FA120B /* AVLBinaryTree.hpp */ = {isa = PBXFileReference; lastKnownFileType = sourcecode.cpp.h; path = AVLBinaryTree.hpp; sourceTree = "<group>"; };
		E90F0B132628400900FA120B /* BTNode.cpp */ = {isa = PBXFileReference; lastKnownFileType = sourcecode.cpp.cpp; path = BTNode.cpp; sourceTree = "<group>"; };
		E90F0B142628400900FA120B /* BTNode.hpp */ = {isa = PBXFileReference; lastKnownFileType = sourcecode.cpp.h; path = BTNode.hpp; sourceTree = "<group>"; };
		E90F0B1A262840B200FA120B /* AVLNode.cpp */ = {isa = PBXFileReference; lastKnownFileType = sourcecode.cpp.cpp; path = AVLNode.cpp; sourceTree = "<group>"; };
		E90F0B1B262840B200FA120B /* AVLNode.hpp */ = {isa = PBXFileReference; lastKnownFileType = sourcecode.cpp.h; path = AVLNode.hpp; sourceTree = "<group>"; };
		E91B1F96260D87C000044C88 /* CircleLinkedList.hpp */ = {isa = PBXFileReference; fileEncoding = 4; lastKnownFileType = sourcecode.cpp.h; path = CircleLinkedList.hpp; sourceTree = "<group>"; };
		E91B1F97260D87C100044C88 /* CircleLinkedList.cpp */ = {isa = PBXFileReference; fileEncoding = 4; lastKnownFileType = sourcecode.cpp.cpp; path = CircleLinkedList.cpp; sourceTree = "<group>"; };
		E927377B2601C502002115D3 /* MArray.cpp */ = {isa = PBXFileReference; lastKnownFileType = sourcecode.cpp.cpp; path = MArray.cpp; sourceTree = "<group>"; };
		E927377C2601C502002115D3 /* MArray.hpp */ = {isa = PBXFileReference; lastKnownFileType = sourcecode.cpp.h; path = MArray.hpp; sourceTree = "<group>"; };
		E92738AF26047324002115D3 /* ChaosBasicModule.h */ = {isa = PBXFileReference; lastKnownFileType = sourcecode.c.h; path = ChaosBasicModule.h; sourceTree = "<group>"; };
		E92738B026047324002115D3 /* ChaosBasicModule.m */ = {isa = PBXFileReference; lastKnownFileType = sourcecode.c.objc; path = ChaosBasicModule.m; sourceTree = "<group>"; };
		E92738B526047536002115D3 /* BasicServiceProtocol.h */ = {isa = PBXFileReference; lastKnownFileType = sourcecode.c.h; path = BasicServiceProtocol.h; sourceTree = "<group>"; };
		E938D1C72673567100E172FA /* RBTree.cpp */ = {isa = PBXFileReference; fileEncoding = 4; lastKnownFileType = sourcecode.cpp.cpp; path = RBTree.cpp; sourceTree = "<group>"; };
		E938D1C82673567100E172FA /* RBNode.cpp */ = {isa = PBXFileReference; fileEncoding = 4; lastKnownFileType = sourcecode.cpp.cpp; path = RBNode.cpp; sourceTree = "<group>"; };
		E938D1C92673567100E172FA /* RBNode.hpp */ = {isa = PBXFileReference; fileEncoding = 4; lastKnownFileType = sourcecode.cpp.h; path = RBNode.hpp; sourceTree = "<group>"; };
		E938D1CA2673567100E172FA /* RBTree.hpp */ = {isa = PBXFileReference; fileEncoding = 4; lastKnownFileType = sourcecode.cpp.h; path = RBTree.hpp; sourceTree = "<group>"; };
		E96FD27E262EE35900C2A567 /* BinaryTree.cpp */ = {isa = PBXFileReference; lastKnownFileType = sourcecode.cpp.cpp; path = BinaryTree.cpp; sourceTree = "<group>"; };
		E96FD27F262EE35900C2A567 /* BinaryTree.hpp */ = {isa = PBXFileReference; lastKnownFileType = sourcecode.cpp.h; path = BinaryTree.hpp; sourceTree = "<group>"; };
		E990F202260ACC020083D6DB /* 206_反转链表.cpp */ = {isa = PBXFileReference; lastKnownFileType = sourcecode.cpp.cpp; path = "206_反转链表.cpp"; sourceTree = "<group>"; };
		E990F218260AF3CD0083D6DB /* 141_环型链表.cpp */ = {isa = PBXFileReference; lastKnownFileType = sourcecode.cpp.cpp; path = "141_环型链表.cpp"; sourceTree = "<group>"; };
		E990F2CB260B592D0083D6DB /* 237_删除链表节点.cpp */ = {isa = PBXFileReference; lastKnownFileType = sourcecode.cpp.cpp; path = "237_删除链表节点.cpp"; sourceTree = "<group>"; };
		E990F2D6260C22F20083D6DB /* SingleLinkedList.cpp */ = {isa = PBXFileReference; fileEncoding = 4; lastKnownFileType = sourcecode.cpp.cpp; path = SingleLinkedList.cpp; sourceTree = "<group>"; };
		E990F2D7260C22F20083D6DB /* LinkedList.hpp */ = {isa = PBXFileReference; fileEncoding = 4; lastKnownFileType = sourcecode.cpp.h; path = LinkedList.hpp; sourceTree = "<group>"; };
		E990F2D8260C22F20083D6DB /* SingleLinkedList.hpp */ = {isa = PBXFileReference; fileEncoding = 4; lastKnownFileType = sourcecode.cpp.h; path = SingleLinkedList.hpp; sourceTree = "<group>"; };
		E990F2D9260C22F20083D6DB /* LinkedList.cpp */ = {isa = PBXFileReference; fileEncoding = 4; lastKnownFileType = sourcecode.cpp.cpp; path = LinkedList.cpp; sourceTree = "<group>"; };
		E993E236262D68DF00618FEA /* tools.hpp */ = {isa = PBXFileReference; fileEncoding = 4; lastKnownFileType = sourcecode.cpp.h; path = tools.hpp; sourceTree = "<group>"; };
		E9B88B582608BBB000085A63 /* AbstractList.cpp */ = {isa = PBXFileReference; lastKnownFileType = sourcecode.cpp.cpp; path = AbstractList.cpp; sourceTree = "<group>"; };
		E9B88B592608BBB000085A63 /* AbstractList.hpp */ = {isa = PBXFileReference; lastKnownFileType = sourcecode.cpp.h; path = AbstractList.hpp; sourceTree = "<group>"; };
		E9B88B5E2608BDAD00085A63 /* List.cpp */ = {isa = PBXFileReference; lastKnownFileType = sourcecode.cpp.cpp; path = List.cpp; sourceTree = "<group>"; };
		E9B88B5F2608BDAD00085A63 /* List.hpp */ = {isa = PBXFileReference; lastKnownFileType = sourcecode.cpp.h; path = List.hpp; sourceTree = "<group>"; };
		E9D4050C26A7EEBA00E7E33B /* BCORMEntityProtocol.h */ = {isa = PBXFileReference; fileEncoding = 4; lastKnownFileType = sourcecode.c.h; path = BCORMEntityProtocol.h; sourceTree = "<group>"; };
		E9D4050E26A7EEBA00E7E33B /* BCSqliteType.m */ = {isa = PBXFileReference; fileEncoding = 4; lastKnownFileType = sourcecode.c.objc; path = BCSqliteType.m; sourceTree = "<group>"; };
		E9D4050F26A7EEBA00E7E33B /* BCSqlInt.m */ = {isa = PBXFileReference; fileEncoding = 4; lastKnownFileType = sourcecode.c.objc; path = BCSqlInt.m; sourceTree = "<group>"; };
		E9D4051026A7EEBA00E7E33B /* BCSqlReal.m */ = {isa = PBXFileReference; fileEncoding = 4; lastKnownFileType = sourcecode.c.objc; path = BCSqlReal.m; sourceTree = "<group>"; };
		E9D4051126A7EEBA00E7E33B /* BCSqlText.m */ = {isa = PBXFileReference; fileEncoding = 4; lastKnownFileType = sourcecode.c.objc; path = BCSqlText.m; sourceTree = "<group>"; };
		E9D4051226A7EEBA00E7E33B /* BCSqliteType.h */ = {isa = PBXFileReference; fileEncoding = 4; lastKnownFileType = sourcecode.c.h; path = BCSqliteType.h; sourceTree = "<group>"; };
		E9D4051326A7EEBA00E7E33B /* BCSqlReal.h */ = {isa = PBXFileReference; fileEncoding = 4; lastKnownFileType = sourcecode.c.h; path = BCSqlReal.h; sourceTree = "<group>"; };
		E9D4051426A7EEBA00E7E33B /* BCSqlInt.h */ = {isa = PBXFileReference; fileEncoding = 4; lastKnownFileType = sourcecode.c.h; path = BCSqlInt.h; sourceTree = "<group>"; };
		E9D4051526A7EEBA00E7E33B /* BCSqlText.h */ = {isa = PBXFileReference; fileEncoding = 4; lastKnownFileType = sourcecode.c.h; path = BCSqlText.h; sourceTree = "<group>"; };
		E9D4051626A7EEBA00E7E33B /* BCSqlParameter.h */ = {isa = PBXFileReference; fileEncoding = 4; lastKnownFileType = sourcecode.c.h; path = BCSqlParameter.h; sourceTree = "<group>"; };
		E9D4051826A7EEBA00E7E33B /* BCConstraints.h */ = {isa = PBXFileReference; fileEncoding = 4; lastKnownFileType = sourcecode.c.h; path = BCConstraints.h; sourceTree = "<group>"; };
		E9D4051926A7EEBA00E7E33B /* BCReferences.h */ = {isa = PBXFileReference; fileEncoding = 4; lastKnownFileType = sourcecode.c.h; path = BCReferences.h; sourceTree = "<group>"; };
		E9D4051A26A7EEBA00E7E33B /* BCConstraints.m */ = {isa = PBXFileReference; fileEncoding = 4; lastKnownFileType = sourcecode.c.objc; path = BCConstraints.m; sourceTree = "<group>"; };
		E9D4051B26A7EEBA00E7E33B /* BCReferences.m */ = {isa = PBXFileReference; fileEncoding = 4; lastKnownFileType = sourcecode.c.objc; path = BCReferences.m; sourceTree = "<group>"; };
		E9D4051C26A7EEBA00E7E33B /* BCORMHelper.m */ = {isa = PBXFileReference; fileEncoding = 4; lastKnownFileType = sourcecode.c.objc; path = BCORMHelper.m; sourceTree = "<group>"; };
		E9D4051D26A7EEBA00E7E33B /* BCSqlParameter.m */ = {isa = PBXFileReference; fileEncoding = 4; lastKnownFileType = sourcecode.c.objc; path = BCSqlParameter.m; sourceTree = "<group>"; };
		E9D4051E26A7EEBA00E7E33B /* BCDB.h */ = {isa = PBXFileReference; fileEncoding = 4; lastKnownFileType = sourcecode.c.h; path = BCDB.h; sourceTree = "<group>"; };
		E9D4051F26A7EEBA00E7E33B /* BCORMHeader.h */ = {isa = PBXFileReference; fileEncoding = 4; lastKnownFileType = sourcecode.c.h; path = BCORMHeader.h; sourceTree = "<group>"; };
		E9D4052026A7EEBA00E7E33B /* BCORMHelper.h */ = {isa = PBXFileReference; fileEncoding = 4; lastKnownFileType = sourcecode.c.h; path = BCORMHelper.h; sourceTree = "<group>"; };
		E9D4052326A7EEBA00E7E33B /* FMDatabase+InMemoryOnDiskIO.h */ = {isa = PBXFileReference; fileEncoding = 4; lastKnownFileType = sourcecode.c.h; path = "FMDatabase+InMemoryOnDiskIO.h"; sourceTree = "<group>"; };
		E9D4052426A7EEBA00E7E33B /* FMDatabase+InMemoryOnDiskIO.m */ = {isa = PBXFileReference; fileEncoding = 4; lastKnownFileType = sourcecode.c.objc; path = "FMDatabase+InMemoryOnDiskIO.m"; sourceTree = "<group>"; };
		E9D4052626A7EEBA00E7E33B /* FMDatabase+FTS3.m */ = {isa = PBXFileReference; fileEncoding = 4; lastKnownFileType = sourcecode.c.objc; path = "FMDatabase+FTS3.m"; sourceTree = "<group>"; };
		E9D4052726A7EEBA00E7E33B /* FMTokenizers.h */ = {isa = PBXFileReference; fileEncoding = 4; lastKnownFileType = sourcecode.c.h; path = FMTokenizers.h; sourceTree = "<group>"; };
		E9D4052826A7EEBA00E7E33B /* FMTokenizers.m */ = {isa = PBXFileReference; fileEncoding = 4; lastKnownFileType = sourcecode.c.objc; path = FMTokenizers.m; sourceTree = "<group>"; };
		E9D4052926A7EEBA00E7E33B /* FMDatabase+FTS3.h */ = {isa = PBXFileReference; fileEncoding = 4; lastKnownFileType = sourcecode.c.h; path = "FMDatabase+FTS3.h"; sourceTree = "<group>"; };
		E9D4052A26A7EEBA00E7E33B /* fts3_tokenizer.h */ = {isa = PBXFileReference; fileEncoding = 4; lastKnownFileType = sourcecode.c.h; path = fts3_tokenizer.h; sourceTree = "<group>"; };
		E9D4053726A7EED200E7E33B /* class UML.png */ = {isa = PBXFileReference; lastKnownFileType = image.png; path = "class UML.png"; sourceTree = "<group>"; };
		E9D40D312612DD3600C0EFA8 /* CircleDeque.hpp */ = {isa = PBXFileReference; fileEncoding = 4; lastKnownFileType = sourcecode.cpp.h; path = CircleDeque.hpp; sourceTree = "<group>"; };
		E9D40D322612DD3700C0EFA8 /* CircleDeque.cpp */ = {isa = PBXFileReference; fileEncoding = 4; lastKnownFileType = sourcecode.cpp.cpp; path = CircleDeque.cpp; sourceTree = "<group>"; };
		E9DA9BCF26A2AD6700E9736C /* NSObject+image.h */ = {isa = PBXFileReference; fileEncoding = 4; lastKnownFileType = sourcecode.c.h; path = "NSObject+image.h"; sourceTree = "<group>"; };
		E9DA9BD026A2AD6700E9736C /* NSObject+image.m */ = {isa = PBXFileReference; fileEncoding = 4; lastKnownFileType = sourcecode.c.objc; path = "NSObject+image.m"; sourceTree = "<group>"; };
		E9E673472611AB0A00373880 /* Deque.cpp */ = {isa = PBXFileReference; lastKnownFileType = sourcecode.cpp.cpp; path = Deque.cpp; sourceTree = "<group>"; };
		E9E673482611AB0A00373880 /* Deque.hpp */ = {isa = PBXFileReference; lastKnownFileType = sourcecode.cpp.h; path = Deque.hpp; sourceTree = "<group>"; };
		E9E673CE2611E89700373880 /* CircleQueue.cpp */ = {isa = PBXFileReference; lastKnownFileType = sourcecode.cpp.cpp; path = CircleQueue.cpp; sourceTree = "<group>"; };
		E9E673CF2611E89700373880 /* CircleQueue.hpp */ = {isa = PBXFileReference; lastKnownFileType = sourcecode.cpp.h; path = CircleQueue.hpp; sourceTree = "<group>"; };
		E9F0D6D92671ED0E004881E2 /* BBSTree.cpp */ = {isa = PBXFileReference; lastKnownFileType = sourcecode.cpp.cpp; path = BBSTree.cpp; sourceTree = "<group>"; };
		E9F0D6DA2671ED0E004881E2 /* BBSTree.hpp */ = {isa = PBXFileReference; lastKnownFileType = sourcecode.cpp.h; path = BBSTree.hpp; sourceTree = "<group>"; };
		E9F2E599260CBC5D0098F40C /* SingleCircleLinkedList.cpp */ = {isa = PBXFileReference; fileEncoding = 4; lastKnownFileType = sourcecode.cpp.cpp; path = SingleCircleLinkedList.cpp; sourceTree = "<group>"; };
		E9F2E59A260CBC5D0098F40C /* SingleCircleLinkedList.hpp */ = {isa = PBXFileReference; fileEncoding = 4; lastKnownFileType = sourcecode.cpp.h; path = SingleCircleLinkedList.hpp; sourceTree = "<group>"; };
/* End PBXFileReference section */

/* Begin PBXFrameworksBuildPhase section */
		0C6BCFFF25F4F0EF002E387A /* Frameworks */ = {
			isa = PBXFrameworksBuildPhase;
			buildActionMask = 2147483647;
			files = (
				FF02554493F8F7B5C5571683 /* libPods-ChaosComponent.a in Frameworks */,
			);
			runOnlyForDeploymentPostprocessing = 0;
		};
		0C6BD01525F4F0F2002E387A /* Frameworks */ = {
			isa = PBXFrameworksBuildPhase;
			buildActionMask = 2147483647;
			files = (
			);
			runOnlyForDeploymentPostprocessing = 0;
		};
		0C6BD02025F4F0F2002E387A /* Frameworks */ = {
			isa = PBXFrameworksBuildPhase;
			buildActionMask = 2147483647;
			files = (
			);
			runOnlyForDeploymentPostprocessing = 0;
		};
/* End PBXFrameworksBuildPhase section */

/* Begin PBXGroup section */
		0C6BCFF925F4F0EF002E387A = {
			isa = PBXGroup;
			children = (
				0C6BD00425F4F0EF002E387A /* ChaosComponent */,
				0C6BD01B25F4F0F2002E387A /* ChaosComponentTests */,
				0C6BD02625F4F0F2002E387A /* ChaosComponentUITests */,
				0C6BD00325F4F0EF002E387A /* Products */,
				A40A4894C144F60C64F3CAA0 /* Pods */,
				B6376D4E218B99EB40637EF4 /* Frameworks */,
			);
			sourceTree = "<group>";
		};
		0C6BD00325F4F0EF002E387A /* Products */ = {
			isa = PBXGroup;
			children = (
				0C6BD00225F4F0EF002E387A /* ChaosComponent.app */,
				0C6BD01825F4F0F2002E387A /* ChaosComponentTests.xctest */,
				0C6BD02325F4F0F2002E387A /* ChaosComponentUITests.xctest */,
			);
			name = Products;
			sourceTree = "<group>";
		};
		0C6BD00425F4F0EF002E387A /* ChaosComponent */ = {
			isa = PBXGroup;
			children = (
				E9D4050826A7EE8A00E7E33B /* Lib */,
				E9DA9BCE26A2AD6700E9736C /* ChaosUtil */,
				E9F2E595260CAEE00098F40C /* LeetCode */,
				E90B26FB25F5E79200D25381 /* source */,
				E90B26D825F5CA4400D25381 /* ChaosFrameKnowledge */,
				E90B26CE25F5C87A00D25381 /* ChaosBasicKnowledge */,
				E90B26B525F5C48A00D25381 /* Services */,
				0C6BD00525F4F0EF002E387A /* AppDelegate.h */,
				0C6BD00625F4F0EF002E387A /* AppDelegate.m */,
				0C6BD00B25F4F0F2002E387A /* Assets.xcassets */,
				0C6BD01025F4F0F2002E387A /* Info.plist */,
				0C6BD01125F4F0F2002E387A /* main.m */,
				0C6BD01325F4F0F2002E387A /* ChaosComponent.entitlements */,
			);
			path = ChaosComponent;
			sourceTree = "<group>";
		};
		0C6BD01B25F4F0F2002E387A /* ChaosComponentTests */ = {
			isa = PBXGroup;
			children = (
				0C6BD01C25F4F0F2002E387A /* ChaosComponentTests.m */,
				0C6BD01E25F4F0F2002E387A /* Info.plist */,
			);
			path = ChaosComponentTests;
			sourceTree = "<group>";
		};
		0C6BD02625F4F0F2002E387A /* ChaosComponentUITests */ = {
			isa = PBXGroup;
			children = (
				0C6BD02725F4F0F2002E387A /* ChaosComponentUITests.m */,
				0C6BD02925F4F0F2002E387A /* Info.plist */,
			);
			path = ChaosComponentUITests;
			sourceTree = "<group>";
		};
		A40A4894C144F60C64F3CAA0 /* Pods */ = {
			isa = PBXGroup;
			children = (
				2A492053DFE57439742ECB63 /* Pods-ChaosComponent.debug.xcconfig */,
				3285AC0067AB51D2A9469CDF /* Pods-ChaosComponent.release.xcconfig */,
			);
			path = Pods;
			sourceTree = "<group>";
		};
		B6376D4E218B99EB40637EF4 /* Frameworks */ = {
			isa = PBXGroup;
			children = (
				4420094E54B0E213F0240C47 /* libPods-ChaosComponent.a */,
			);
			name = Frameworks;
			sourceTree = "<group>";
		};
		E90B26B525F5C48A00D25381 /* Services */ = {
			isa = PBXGroup;
			children = (
				0C82BEDD26101ECB0026D471 /* DataStructureServiceProtocol.h */,
				E90B26B625F5C4B900D25381 /* HomeServiceProtocol.h */,
				E90B26CA25F5C69600D25381 /* BHService.h */,
				E90B26DF25F5CAB200D25381 /* FrameServiceProtocol.h */,
				E92738B526047536002115D3 /* BasicServiceProtocol.h */,
			);
			path = Services;
			sourceTree = "<group>";
		};
		E90B26BA25F5C53400D25381 /* Home */ = {
			isa = PBXGroup;
			children = (
				E90B26BB25F5C56300D25381 /* ChaosViewController.h */,
				E90B26BC25F5C56300D25381 /* ChaosViewController.m */,
				E90B26C425F5C59200D25381 /* ChaosHomeModule.h */,
				E90B26C525F5C59200D25381 /* ChaosHomeModule.m */,
			);
			path = Home;
			sourceTree = "<group>";
		};
		E90B26CE25F5C87A00D25381 /* ChaosBasicKnowledge */ = {
			isa = PBXGroup;
			children = (
				0C82BED826101DDF0026D471 /* ChaosDataStructureModule.h */,
				0C82BED726101DDF0026D471 /* ChaosDataStructureModule.m */,
				E92738AF26047324002115D3 /* ChaosBasicModule.h */,
				E92738B026047324002115D3 /* ChaosBasicModule.m */,
				E90B26CF25F5C97E00D25381 /* ChaosBasicKnowledgeViewController.h */,
				E90B26D025F5C97E00D25381 /* ChaosBasicKnowledgeViewController.mm */,
				E90B26BA25F5C53400D25381 /* Home */,
				0C82BED126101D8E0026D471 /* ChaosDataStructureViewController.h */,
				0C82BED226101D8E0026D471 /* ChaosDataStructureViewController.mm */,
				E993E242262D792B00618FEA /*  LinearStructure */,
				E90F0B0E262836C300FA120B /* BinaryTree */,
			);
			path = ChaosBasicKnowledge;
			sourceTree = "<group>";
		};
		E90B26D825F5CA4400D25381 /* ChaosFrameKnowledge */ = {
			isa = PBXGroup;
			children = (
				E90B26D925F5CA5C00D25381 /* ChaosFrameKnowledgeViewController.h */,
				E90B26DA25F5CA5C00D25381 /* ChaosFrameKnowledgeViewController.m */,
				E90B26E025F5CB4300D25381 /* ChaosFrameModule.h */,
				E90B26E125F5CB4300D25381 /* ChaosFrameModule.m */,
			);
			path = ChaosFrameKnowledge;
			sourceTree = "<group>";
		};
		E90B26FB25F5E79200D25381 /* source */ = {
			isa = PBXGroup;
			children = (
				E90B272025F5F0CC00D25381 /* Images */,
			);
			path = source;
			sourceTree = "<group>";
		};
		E90B272025F5F0CC00D25381 /* Images */ = {
			isa = PBXGroup;
			children = (
				E90B273125F5F8AB00D25381 /* Default-896h@2x.png */,
				E90B270C25F5EBF500D25381 /* Default-667h@2x.png */,
			);
			path = Images;
			sourceTree = "<group>";
		};
		E90F0B0E262836C300FA120B /* BinaryTree */ = {
			isa = PBXGroup;
			children = (
				E938D1C62673567100E172FA /* RBTree */,
				E90F0B192628407100FA120B /* AVLTree */,
				E90F0B1226283FCE00FA120B /* SearchTree */,
			);
			path = BinaryTree;
			sourceTree = "<group>";
		};
		E90F0B1226283FCE00FA120B /* SearchTree */ = {
			isa = PBXGroup;
			children = (
				E9028F20261ED3920033D908 /* BinarySearchTree.cpp */,
				E9028F21261ED3920033D908 /* BinarySearchTree.hpp */,
				E9028F29261EDB400033D908 /* BinaryTreeInfo.cpp */,
				E90F0B132628400900FA120B /* BTNode.cpp */,
				E90F0B142628400900FA120B /* BTNode.hpp */,
				E96FD27E262EE35900C2A567 /* BinaryTree.cpp */,
				E96FD27F262EE35900C2A567 /* BinaryTree.hpp */,
				E9F0D6D92671ED0E004881E2 /* BBSTree.cpp */,
				E9F0D6DA2671ED0E004881E2 /* BBSTree.hpp */,
			);
			path = SearchTree;
			sourceTree = "<group>";
		};
		E90F0B192628407100FA120B /* AVLTree */ = {
			isa = PBXGroup;
			children = (
				E90F0AF62627D9BB00FA120B /* AVLBinaryTree.cpp */,
				E90F0AF72627D9BB00FA120B /* AVLBinaryTree.hpp */,
				E90F0B1A262840B200FA120B /* AVLNode.cpp */,
				E90F0B1B262840B200FA120B /* AVLNode.hpp */,
			);
			path = AVLTree;
			sourceTree = "<group>";
		};
		E938D1C62673567100E172FA /* RBTree */ = {
			isa = PBXGroup;
			children = (
				E938D1C82673567100E172FA /* RBNode.cpp */,
				E938D1C92673567100E172FA /* RBNode.hpp */,
				E938D1C72673567100E172FA /* RBTree.cpp */,
				E938D1CA2673567100E172FA /* RBTree.hpp */,
			);
			path = RBTree;
			sourceTree = "<group>";
		};
		E993E242262D792B00618FEA /*  LinearStructure */ = {
			isa = PBXGroup;
			children = (
				E993E236262D68DF00618FEA /* tools.hpp */,
				E91B1F97260D87C100044C88 /* CircleLinkedList.cpp */,
				E91B1F96260D87C000044C88 /* CircleLinkedList.hpp */,
				E9F2E599260CBC5D0098F40C /* SingleCircleLinkedList.cpp */,
				E9F2E59A260CBC5D0098F40C /* SingleCircleLinkedList.hpp */,
				E990F2D9260C22F20083D6DB /* LinkedList.cpp */,
				E990F2D7260C22F20083D6DB /* LinkedList.hpp */,
				E990F2D6260C22F20083D6DB /* SingleLinkedList.cpp */,
				E990F2D8260C22F20083D6DB /* SingleLinkedList.hpp */,
				E9D40D322612DD3700C0EFA8 /* CircleDeque.cpp */,
				E9D40D312612DD3600C0EFA8 /* CircleDeque.hpp */,
				E927377B2601C502002115D3 /* MArray.cpp */,
				E927377C2601C502002115D3 /* MArray.hpp */,
				E9B88B582608BBB000085A63 /* AbstractList.cpp */,
				E9B88B592608BBB000085A63 /* AbstractList.hpp */,
				E9B88B5E2608BDAD00085A63 /* List.cpp */,
				E9B88B5F2608BDAD00085A63 /* List.hpp */,
				0C82BEC22610128A0026D471 /* Stack.cpp */,
				0C82BEC32610128A0026D471 /* Stack.hpp */,
				0C82BEC8261014B30026D471 /* ArrayList.cpp */,
				0C82BEC9261014B30026D471 /* ArrayList.hpp */,
				0C82BEE62610B7180026D471 /* Queue.cpp */,
				0C82BEE72610B7180026D471 /* Queue.hpp */,
				E9E673472611AB0A00373880 /* Deque.cpp */,
				E9E673482611AB0A00373880 /* Deque.hpp */,
				E9E673CE2611E89700373880 /* CircleQueue.cpp */,
				E9E673CF2611E89700373880 /* CircleQueue.hpp */,
			);
			path = " LinearStructure";
			sourceTree = "<group>";
		};
		E9D4050826A7EE8A00E7E33B /* Lib */ = {
			isa = PBXGroup;
			children = (
				E9D4050926A7EEBA00E7E33B /* ORM */,
			);
			path = Lib;
			sourceTree = "<group>";
		};
		E9D4050926A7EEBA00E7E33B /* ORM */ = {
			isa = PBXGroup;
			children = (
				E9D4053726A7EED200E7E33B /* class UML.png */,
				E9D4050B26A7EEBA00E7E33B /* BCSqliteORM */,
				E9D4052126A7EEBA00E7E33B /* FFDB-extra */,
			);
			path = ORM;
			sourceTree = "<group>";
		};
		E9D4050B26A7EEBA00E7E33B /* BCSqliteORM */ = {
			isa = PBXGroup;
			children = (
				E9D4050C26A7EEBA00E7E33B /* BCORMEntityProtocol.h */,
				E9D4050D26A7EEBA00E7E33B /* SqliteType */,
				E9D4051626A7EEBA00E7E33B /* BCSqlParameter.h */,
				E9D4051726A7EEBA00E7E33B /* SqliteConstraints */,
				E9D4051C26A7EEBA00E7E33B /* BCORMHelper.m */,
				E9D4051D26A7EEBA00E7E33B /* BCSqlParameter.m */,
				E9D4051E26A7EEBA00E7E33B /* BCDB.h */,
				E9D4051F26A7EEBA00E7E33B /* BCORMHeader.h */,
				E9D4052026A7EEBA00E7E33B /* BCORMHelper.h */,
			);
			path = BCSqliteORM;
			sourceTree = "<group>";
		};
		E9D4050D26A7EEBA00E7E33B /* SqliteType */ = {
			isa = PBXGroup;
			children = (
				E9D4050E26A7EEBA00E7E33B /* BCSqliteType.m */,
				E9D4050F26A7EEBA00E7E33B /* BCSqlInt.m */,
				E9D4051026A7EEBA00E7E33B /* BCSqlReal.m */,
				E9D4051126A7EEBA00E7E33B /* BCSqlText.m */,
				E9D4051226A7EEBA00E7E33B /* BCSqliteType.h */,
				E9D4051326A7EEBA00E7E33B /* BCSqlReal.h */,
				E9D4051426A7EEBA00E7E33B /* BCSqlInt.h */,
				E9D4051526A7EEBA00E7E33B /* BCSqlText.h */,
			);
			path = SqliteType;
			sourceTree = "<group>";
		};
		E9D4051726A7EEBA00E7E33B /* SqliteConstraints */ = {
			isa = PBXGroup;
			children = (
				E9D4051826A7EEBA00E7E33B /* BCConstraints.h */,
				E9D4051926A7EEBA00E7E33B /* BCReferences.h */,
				E9D4051A26A7EEBA00E7E33B /* BCConstraints.m */,
				E9D4051B26A7EEBA00E7E33B /* BCReferences.m */,
			);
			path = SqliteConstraints;
			sourceTree = "<group>";
		};
		E9D4052126A7EEBA00E7E33B /* FFDB-extra */ = {
			isa = PBXGroup;
			children = (
				E9D4052226A7EEBA00E7E33B /* InMemoryOnDiskIO */,
				E9D4052526A7EEBA00E7E33B /* fts3 */,
			);
			path = "FFDB-extra";
			sourceTree = "<group>";
		};
		E9D4052226A7EEBA00E7E33B /* InMemoryOnDiskIO */ = {
			isa = PBXGroup;
			children = (
				E9D4052326A7EEBA00E7E33B /* FMDatabase+InMemoryOnDiskIO.h */,
				E9D4052426A7EEBA00E7E33B /* FMDatabase+InMemoryOnDiskIO.m */,
			);
			path = InMemoryOnDiskIO;
			sourceTree = "<group>";
		};
		E9D4052526A7EEBA00E7E33B /* fts3 */ = {
			isa = PBXGroup;
			children = (
				E9D4052626A7EEBA00E7E33B /* FMDatabase+FTS3.m */,
				E9D4052726A7EEBA00E7E33B /* FMTokenizers.h */,
				E9D4052826A7EEBA00E7E33B /* FMTokenizers.m */,
				E9D4052926A7EEBA00E7E33B /* FMDatabase+FTS3.h */,
				E9D4052A26A7EEBA00E7E33B /* fts3_tokenizer.h */,
			);
			path = fts3;
			sourceTree = "<group>";
		};
		E9DA9BCE26A2AD6700E9736C /* ChaosUtil */ = {
			isa = PBXGroup;
			children = (
				E9DA9BCF26A2AD6700E9736C /* NSObject+image.h */,
				E9DA9BD026A2AD6700E9736C /* NSObject+image.m */,
			);
			path = ChaosUtil;
			sourceTree = "<group>";
		};
		E9F2E595260CAEE00098F40C /* LeetCode */ = {
			isa = PBXGroup;
			children = (
				E990F202260ACC020083D6DB /* 206_反转链表.cpp */,
				E990F2CB260B592D0083D6DB /* 237_删除链表节点.cpp */,
				E990F218260AF3CD0083D6DB /* 141_环型链表.cpp */,
				0C82BEE1261060410026D471 /* 20_有效的括号.cpp */,
				0C82BEEC2610BB600026D471 /* 232_用栈实现队列.cpp */,
			);
			path = LeetCode;
			sourceTree = "<group>";
		};
/* End PBXGroup section */

/* Begin PBXNativeTarget section */
		0C6BD00125F4F0EF002E387A /* ChaosComponent */ = {
			isa = PBXNativeTarget;
			buildConfigurationList = 0C6BD02C25F4F0F2002E387A /* Build configuration list for PBXNativeTarget "ChaosComponent" */;
			buildPhases = (
				29A19B1CEBDB23EA0135E691 /* [CP] Check Pods Manifest.lock */,
				0C6BCFFE25F4F0EF002E387A /* Sources */,
				0C6BCFFF25F4F0EF002E387A /* Frameworks */,
				0C6BD00025F4F0EF002E387A /* Resources */,
				9E63E4AD27B3E67B4E104010 /* [CP] Copy Pods Resources */,
			);
			buildRules = (
			);
			dependencies = (
			);
			name = ChaosComponent;
			productName = ChaosComponent;
			productReference = 0C6BD00225F4F0EF002E387A /* ChaosComponent.app */;
			productType = "com.apple.product-type.application";
		};
		0C6BD01725F4F0F2002E387A /* ChaosComponentTests */ = {
			isa = PBXNativeTarget;
			buildConfigurationList = 0C6BD02F25F4F0F2002E387A /* Build configuration list for PBXNativeTarget "ChaosComponentTests" */;
			buildPhases = (
				0C6BD01425F4F0F2002E387A /* Sources */,
				0C6BD01525F4F0F2002E387A /* Frameworks */,
				0C6BD01625F4F0F2002E387A /* Resources */,
			);
			buildRules = (
			);
			dependencies = (
				0C6BD01A25F4F0F2002E387A /* PBXTargetDependency */,
			);
			name = ChaosComponentTests;
			productName = ChaosComponentTests;
			productReference = 0C6BD01825F4F0F2002E387A /* ChaosComponentTests.xctest */;
			productType = "com.apple.product-type.bundle.unit-test";
		};
		0C6BD02225F4F0F2002E387A /* ChaosComponentUITests */ = {
			isa = PBXNativeTarget;
			buildConfigurationList = 0C6BD03225F4F0F2002E387A /* Build configuration list for PBXNativeTarget "ChaosComponentUITests" */;
			buildPhases = (
				0C6BD01F25F4F0F2002E387A /* Sources */,
				0C6BD02025F4F0F2002E387A /* Frameworks */,
				0C6BD02125F4F0F2002E387A /* Resources */,
			);
			buildRules = (
			);
			dependencies = (
				0C6BD02525F4F0F2002E387A /* PBXTargetDependency */,
			);
			name = ChaosComponentUITests;
			productName = ChaosComponentUITests;
			productReference = 0C6BD02325F4F0F2002E387A /* ChaosComponentUITests.xctest */;
			productType = "com.apple.product-type.bundle.ui-testing";
		};
/* End PBXNativeTarget section */

/* Begin PBXProject section */
		0C6BCFFA25F4F0EF002E387A /* Project object */ = {
			isa = PBXProject;
			attributes = {
				LastUpgradeCheck = 1240;
				TargetAttributes = {
					0C6BD00125F4F0EF002E387A = {
						CreatedOnToolsVersion = 12.4;
					};
					0C6BD01725F4F0F2002E387A = {
						CreatedOnToolsVersion = 12.4;
						TestTargetID = 0C6BD00125F4F0EF002E387A;
					};
					0C6BD02225F4F0F2002E387A = {
						CreatedOnToolsVersion = 12.4;
						TestTargetID = 0C6BD00125F4F0EF002E387A;
					};
				};
			};
			buildConfigurationList = 0C6BCFFD25F4F0EF002E387A /* Build configuration list for PBXProject "ChaosComponent" */;
			compatibilityVersion = "Xcode 9.3";
			developmentRegion = en;
			hasScannedForEncodings = 0;
			knownRegions = (
				en,
				Base,
			);
			mainGroup = 0C6BCFF925F4F0EF002E387A;
			productRefGroup = 0C6BD00325F4F0EF002E387A /* Products */;
			projectDirPath = "";
			projectRoot = "";
			targets = (
				0C6BD00125F4F0EF002E387A /* ChaosComponent */,
				0C6BD01725F4F0F2002E387A /* ChaosComponentTests */,
				0C6BD02225F4F0F2002E387A /* ChaosComponentUITests */,
			);
		};
/* End PBXProject section */

/* Begin PBXResourcesBuildPhase section */
		0C6BD00025F4F0EF002E387A /* Resources */ = {
			isa = PBXResourcesBuildPhase;
			buildActionMask = 2147483647;
			files = (
				E9D4053826A7EED200E7E33B /* class UML.png in Resources */,
				E90B273225F5F8AB00D25381 /* Default-896h@2x.png in Resources */,
				E90B271025F5EBF500D25381 /* Default-667h@2x.png in Resources */,
				0C6BD00C25F4F0F2002E387A /* Assets.xcassets in Resources */,
			);
			runOnlyForDeploymentPostprocessing = 0;
		};
		0C6BD01625F4F0F2002E387A /* Resources */ = {
			isa = PBXResourcesBuildPhase;
			buildActionMask = 2147483647;
			files = (
			);
			runOnlyForDeploymentPostprocessing = 0;
		};
		0C6BD02125F4F0F2002E387A /* Resources */ = {
			isa = PBXResourcesBuildPhase;
			buildActionMask = 2147483647;
			files = (
			);
			runOnlyForDeploymentPostprocessing = 0;
		};
/* End PBXResourcesBuildPhase section */

/* Begin PBXShellScriptBuildPhase section */
		29A19B1CEBDB23EA0135E691 /* [CP] Check Pods Manifest.lock */ = {
			isa = PBXShellScriptBuildPhase;
			buildActionMask = 2147483647;
			files = (
			);
			inputFileListPaths = (
			);
			inputPaths = (
				"${PODS_PODFILE_DIR_PATH}/Podfile.lock",
				"${PODS_ROOT}/Manifest.lock",
			);
			name = "[CP] Check Pods Manifest.lock";
			outputFileListPaths = (
			);
			outputPaths = (
				"$(DERIVED_FILE_DIR)/Pods-ChaosComponent-checkManifestLockResult.txt",
			);
			runOnlyForDeploymentPostprocessing = 0;
			shellPath = /bin/sh;
			shellScript = "diff \"${PODS_PODFILE_DIR_PATH}/Podfile.lock\" \"${PODS_ROOT}/Manifest.lock\" > /dev/null\nif [ $? != 0 ] ; then\n    # print error to STDERR\n    echo \"error: The sandbox is not in sync with the Podfile.lock. Run 'pod install' or update your CocoaPods installation.\" >&2\n    exit 1\nfi\n# This output is used by Xcode 'outputs' to avoid re-running this script phase.\necho \"SUCCESS\" > \"${SCRIPT_OUTPUT_FILE_0}\"\n";
			showEnvVarsInLog = 0;
		};
		9E63E4AD27B3E67B4E104010 /* [CP] Copy Pods Resources */ = {
			isa = PBXShellScriptBuildPhase;
			buildActionMask = 2147483647;
			files = (
			);
			inputFileListPaths = (
				"${PODS_ROOT}/Target Support Files/Pods-ChaosComponent/Pods-ChaosComponent-resources-${CONFIGURATION}-input-files.xcfilelist",
			);
			name = "[CP] Copy Pods Resources";
			outputFileListPaths = (
				"${PODS_ROOT}/Target Support Files/Pods-ChaosComponent/Pods-ChaosComponent-resources-${CONFIGURATION}-output-files.xcfilelist",
			);
			runOnlyForDeploymentPostprocessing = 0;
			shellPath = /bin/sh;
			shellScript = "\"${PODS_ROOT}/Target Support Files/Pods-ChaosComponent/Pods-ChaosComponent-resources.sh\"\n";
			showEnvVarsInLog = 0;
		};
/* End PBXShellScriptBuildPhase section */

/* Begin PBXSourcesBuildPhase section */
		0C6BCFFE25F4F0EF002E387A /* Sources */ = {
			isa = PBXSourcesBuildPhase;
			buildActionMask = 2147483647;
			files = (
				0C82BEC42610128A0026D471 /* Stack.cpp in Sources */,
				E9D4053326A7EEBA00E7E33B /* BCSqlParameter.m in Sources */,
				E9F2E59B260CBC5D0098F40C /* SingleCircleLinkedList.cpp in Sources */,
				E9D4052D26A7EEBA00E7E33B /* BCSqlInt.m in Sources */,
				E90B26C625F5C59200D25381 /* ChaosHomeModule.m in Sources */,
				0C82BEE82610B7180026D471 /* Queue.cpp in Sources */,
				E9B88B602608BDAD00085A63 /* List.cpp in Sources */,
				E9028F2A261EDB400033D908 /* BinaryTreeInfo.cpp in Sources */,
				E9D4053026A7EEBA00E7E33B /* BCConstraints.m in Sources */,
				E9D4053126A7EEBA00E7E33B /* BCReferences.m in Sources */,
				E9E673492611AB0A00373880 /* Deque.cpp in Sources */,
				E9D4053426A7EEBA00E7E33B /* FMDatabase+InMemoryOnDiskIO.m in Sources */,
				E9D4053526A7EEBA00E7E33B /* FMDatabase+FTS3.m in Sources */,
				E938D1CB2673567100E172FA /* RBTree.cpp in Sources */,
				E90B26DB25F5CA5C00D25381 /* ChaosFrameKnowledgeViewController.m in Sources */,
				E90B26BD25F5C56300D25381 /* ChaosViewController.m in Sources */,
				E9D4053226A7EEBA00E7E33B /* BCORMHelper.m in Sources */,
				E9D4052E26A7EEBA00E7E33B /* BCSqlReal.m in Sources */,
				E9D4052C26A7EEBA00E7E33B /* BCSqliteType.m in Sources */,
				E9D40D332612DD3700C0EFA8 /* CircleDeque.cpp in Sources */,
				E92738B126047324002115D3 /* ChaosBasicModule.m in Sources */,
				E90F0B152628400900FA120B /* BTNode.cpp in Sources */,
				E990F219260AF3CD0083D6DB /* 141_环型链表.cpp in Sources */,
				E90F0B1C262840B200FA120B /* AVLNode.cpp in Sources */,
				E9D4053626A7EEBA00E7E33B /* FMTokenizers.m in Sources */,
				E9B88B5A2608BBB000085A63 /* AbstractList.cpp in Sources */,
				E9E673D02611E89700373880 /* CircleQueue.cpp in Sources */,
				E938D1CC2673567100E172FA /* RBNode.cpp in Sources */,
				0C82BED326101D8E0026D471 /* ChaosDataStructureViewController.mm in Sources */,
				E9028F22261ED3920033D908 /* BinarySearchTree.cpp in Sources */,
				E90B26E225F5CB4300D25381 /* ChaosFrameModule.m in Sources */,
				E90B26D125F5C97E00D25381 /* ChaosBasicKnowledgeViewController.mm in Sources */,
				0C82BED926101DDF0026D471 /* ChaosDataStructureModule.m in Sources */,
				0C6BD01225F4F0F2002E387A /* main.m in Sources */,
				E990F2DA260C22F20083D6DB /* SingleLinkedList.cpp in Sources */,
				0C6BD00725F4F0EF002E387A /* AppDelegate.m in Sources */,
				E96FD280262EE35900C2A567 /* BinaryTree.cpp in Sources */,
				E927388D26045164002115D3 /* MArray.hpp in Sources */,
				E927388926045085002115D3 /* MArray.cpp in Sources */,
				E990F2DB260C22F20083D6DB /* LinkedList.cpp in Sources */,
				E990F203260ACC020083D6DB /* 206_反转链表.cpp in Sources */,
				E90F0AF82627D9BB00FA120B /* AVLBinaryTree.cpp in Sources */,
				0C82BECA261014B30026D471 /* ArrayList.cpp in Sources */,
				E91B1F98260D87C100044C88 /* CircleLinkedList.cpp in Sources */,
				0C82BEE2261060410026D471 /* 20_有效的括号.cpp in Sources */,
				E9DA9BD126A2AD6800E9736C /* NSObject+image.m in Sources */,
				E9D4052F26A7EEBA00E7E33B /* BCSqlText.m in Sources */,
				E990F2CC260B592D0083D6DB /* 237_删除链表节点.cpp in Sources */,
				0C82BEED2610BB600026D471 /* 232_用栈实现队列.cpp in Sources */,
				E9F0D6DB2671ED0E004881E2 /* BBSTree.cpp in Sources */,
			);
			runOnlyForDeploymentPostprocessing = 0;
		};
		0C6BD01425F4F0F2002E387A /* Sources */ = {
			isa = PBXSourcesBuildPhase;
			buildActionMask = 2147483647;
			files = (
				0C6BD01D25F4F0F2002E387A /* ChaosComponentTests.m in Sources */,
			);
			runOnlyForDeploymentPostprocessing = 0;
		};
		0C6BD01F25F4F0F2002E387A /* Sources */ = {
			isa = PBXSourcesBuildPhase;
			buildActionMask = 2147483647;
			files = (
				0C6BD02825F4F0F2002E387A /* ChaosComponentUITests.m in Sources */,
			);
			runOnlyForDeploymentPostprocessing = 0;
		};
/* End PBXSourcesBuildPhase section */

/* Begin PBXTargetDependency section */
		0C6BD01A25F4F0F2002E387A /* PBXTargetDependency */ = {
			isa = PBXTargetDependency;
			target = 0C6BD00125F4F0EF002E387A /* ChaosComponent */;
			targetProxy = 0C6BD01925F4F0F2002E387A /* PBXContainerItemProxy */;
		};
		0C6BD02525F4F0F2002E387A /* PBXTargetDependency */ = {
			isa = PBXTargetDependency;
			target = 0C6BD00125F4F0EF002E387A /* ChaosComponent */;
			targetProxy = 0C6BD02425F4F0F2002E387A /* PBXContainerItemProxy */;
		};
/* End PBXTargetDependency section */

/* Begin XCBuildConfiguration section */
		0C6BD02A25F4F0F2002E387A /* Debug */ = {
			isa = XCBuildConfiguration;
			buildSettings = {
				ALWAYS_SEARCH_USER_PATHS = NO;
				CLANG_ANALYZER_NONNULL = YES;
				CLANG_ANALYZER_NUMBER_OBJECT_CONVERSION = YES_AGGRESSIVE;
				CLANG_CXX_LANGUAGE_STANDARD = "gnu++14";
				CLANG_CXX_LIBRARY = "libc++";
				CLANG_ENABLE_MODULES = YES;
				CLANG_ENABLE_OBJC_ARC = YES;
				CLANG_ENABLE_OBJC_WEAK = YES;
				CLANG_WARN_BLOCK_CAPTURE_AUTORELEASING = YES;
				CLANG_WARN_BOOL_CONVERSION = YES;
				CLANG_WARN_COMMA = YES;
				CLANG_WARN_CONSTANT_CONVERSION = YES;
				CLANG_WARN_DEPRECATED_OBJC_IMPLEMENTATIONS = YES;
				CLANG_WARN_DIRECT_OBJC_ISA_USAGE = YES_ERROR;
				CLANG_WARN_DOCUMENTATION_COMMENTS = YES;
				CLANG_WARN_EMPTY_BODY = YES;
				CLANG_WARN_ENUM_CONVERSION = YES;
				CLANG_WARN_INFINITE_RECURSION = YES;
				CLANG_WARN_INT_CONVERSION = YES;
				CLANG_WARN_NON_LITERAL_NULL_CONVERSION = YES;
				CLANG_WARN_OBJC_IMPLICIT_RETAIN_SELF = YES;
				CLANG_WARN_OBJC_LITERAL_CONVERSION = YES;
				CLANG_WARN_OBJC_ROOT_CLASS = YES_ERROR;
				CLANG_WARN_QUOTED_INCLUDE_IN_FRAMEWORK_HEADER = YES;
				CLANG_WARN_RANGE_LOOP_ANALYSIS = YES;
				CLANG_WARN_STRICT_PROTOTYPES = YES;
				CLANG_WARN_SUSPICIOUS_MOVE = YES;
				CLANG_WARN_UNGUARDED_AVAILABILITY = YES_AGGRESSIVE;
				CLANG_WARN_UNREACHABLE_CODE = YES;
				CLANG_WARN__DUPLICATE_METHOD_MATCH = YES;
				COPY_PHASE_STRIP = NO;
				DEBUG_INFORMATION_FORMAT = dwarf;
				ENABLE_STRICT_OBJC_MSGSEND = YES;
				ENABLE_TESTABILITY = YES;
				GCC_C_LANGUAGE_STANDARD = gnu11;
				GCC_DYNAMIC_NO_PIC = NO;
				GCC_NO_COMMON_BLOCKS = YES;
				GCC_OPTIMIZATION_LEVEL = 0;
				GCC_PREPROCESSOR_DEFINITIONS = (
					"DEBUG=1",
					"$(inherited)",
				);
				GCC_WARN_64_TO_32_BIT_CONVERSION = YES;
				GCC_WARN_ABOUT_RETURN_TYPE = YES_ERROR;
				GCC_WARN_UNDECLARED_SELECTOR = YES;
				GCC_WARN_UNINITIALIZED_AUTOS = YES_AGGRESSIVE;
				GCC_WARN_UNUSED_FUNCTION = YES;
				GCC_WARN_UNUSED_VARIABLE = YES;
				MACOSX_DEPLOYMENT_TARGET = 11.1;
				MTL_ENABLE_DEBUG_INFO = INCLUDE_SOURCE;
				MTL_FAST_MATH = YES;
				ONLY_ACTIVE_ARCH = YES;
				SDKROOT = macosx;
			};
			name = Debug;
		};
		0C6BD02B25F4F0F2002E387A /* Release */ = {
			isa = XCBuildConfiguration;
			buildSettings = {
				ALWAYS_SEARCH_USER_PATHS = NO;
				CLANG_ANALYZER_NONNULL = YES;
				CLANG_ANALYZER_NUMBER_OBJECT_CONVERSION = YES_AGGRESSIVE;
				CLANG_CXX_LANGUAGE_STANDARD = "gnu++14";
				CLANG_CXX_LIBRARY = "libc++";
				CLANG_ENABLE_MODULES = YES;
				CLANG_ENABLE_OBJC_ARC = YES;
				CLANG_ENABLE_OBJC_WEAK = YES;
				CLANG_WARN_BLOCK_CAPTURE_AUTORELEASING = YES;
				CLANG_WARN_BOOL_CONVERSION = YES;
				CLANG_WARN_COMMA = YES;
				CLANG_WARN_CONSTANT_CONVERSION = YES;
				CLANG_WARN_DEPRECATED_OBJC_IMPLEMENTATIONS = YES;
				CLANG_WARN_DIRECT_OBJC_ISA_USAGE = YES_ERROR;
				CLANG_WARN_DOCUMENTATION_COMMENTS = YES;
				CLANG_WARN_EMPTY_BODY = YES;
				CLANG_WARN_ENUM_CONVERSION = YES;
				CLANG_WARN_INFINITE_RECURSION = YES;
				CLANG_WARN_INT_CONVERSION = YES;
				CLANG_WARN_NON_LITERAL_NULL_CONVERSION = YES;
				CLANG_WARN_OBJC_IMPLICIT_RETAIN_SELF = YES;
				CLANG_WARN_OBJC_LITERAL_CONVERSION = YES;
				CLANG_WARN_OBJC_ROOT_CLASS = YES_ERROR;
				CLANG_WARN_QUOTED_INCLUDE_IN_FRAMEWORK_HEADER = YES;
				CLANG_WARN_RANGE_LOOP_ANALYSIS = YES;
				CLANG_WARN_STRICT_PROTOTYPES = YES;
				CLANG_WARN_SUSPICIOUS_MOVE = YES;
				CLANG_WARN_UNGUARDED_AVAILABILITY = YES_AGGRESSIVE;
				CLANG_WARN_UNREACHABLE_CODE = YES;
				CLANG_WARN__DUPLICATE_METHOD_MATCH = YES;
				COPY_PHASE_STRIP = NO;
				DEBUG_INFORMATION_FORMAT = "dwarf-with-dsym";
				ENABLE_NS_ASSERTIONS = NO;
				ENABLE_STRICT_OBJC_MSGSEND = YES;
				GCC_C_LANGUAGE_STANDARD = gnu11;
				GCC_NO_COMMON_BLOCKS = YES;
				GCC_WARN_64_TO_32_BIT_CONVERSION = YES;
				GCC_WARN_ABOUT_RETURN_TYPE = YES_ERROR;
				GCC_WARN_UNDECLARED_SELECTOR = YES;
				GCC_WARN_UNINITIALIZED_AUTOS = YES_AGGRESSIVE;
				GCC_WARN_UNUSED_FUNCTION = YES;
				GCC_WARN_UNUSED_VARIABLE = YES;
				MACOSX_DEPLOYMENT_TARGET = 11.1;
				MTL_ENABLE_DEBUG_INFO = NO;
				MTL_FAST_MATH = YES;
				SDKROOT = macosx;
			};
			name = Release;
		};
		0C6BD02D25F4F0F2002E387A /* Debug */ = {
			isa = XCBuildConfiguration;
			baseConfigurationReference = 2A492053DFE57439742ECB63 /* Pods-ChaosComponent.debug.xcconfig */;
			buildSettings = {
				ASSETCATALOG_COMPILER_APPICON_NAME = AppIcon;
				ASSETCATALOG_COMPILER_GLOBAL_ACCENT_COLOR_NAME = AccentColor;
				CLANG_CXX_LANGUAGE_STANDARD = "gnu++0x";
				CLANG_CXX_LIBRARY = "libc++";
				CODE_SIGN_ENTITLEMENTS = ChaosComponent/ChaosComponent.entitlements;
				CODE_SIGN_IDENTITY = "iPhone Developer";
				CODE_SIGN_STYLE = Manual;
				COMBINE_HIDPI_IMAGES = YES;
				DEVELOPMENT_TEAM = 9CA5KUE8T7;
				GCC_INPUT_FILETYPE = sourcecode.cpp.objcpp;
				INFOPLIST_FILE = ChaosComponent/Info.plist;
				IPHONEOS_DEPLOYMENT_TARGET = 11.0;
				LD_RUNPATH_SEARCH_PATHS = (
					"$(inherited)",
					"@executable_path/../Frameworks",
				);
				PRODUCT_BUNDLE_IDENTIFIER = com.jinher.jingquezhili;
				PRODUCT_NAME = "$(TARGET_NAME)";
				PROVISIONING_PROFILE_SPECIFIER = jingquezhili;
				SDKROOT = iphoneos;
				TARGETED_DEVICE_FAMILY = 1;
			};
			name = Debug;
		};
		0C6BD02E25F4F0F2002E387A /* Release */ = {
			isa = XCBuildConfiguration;
			baseConfigurationReference = 3285AC0067AB51D2A9469CDF /* Pods-ChaosComponent.release.xcconfig */;
			buildSettings = {
				ASSETCATALOG_COMPILER_APPICON_NAME = AppIcon;
				ASSETCATALOG_COMPILER_GLOBAL_ACCENT_COLOR_NAME = AccentColor;
				CLANG_CXX_LANGUAGE_STANDARD = "gnu++0x";
				CLANG_CXX_LIBRARY = "libc++";
				CODE_SIGN_ENTITLEMENTS = ChaosComponent/ChaosComponent.entitlements;
				CODE_SIGN_IDENTITY = "iPhone Developer";
				CODE_SIGN_STYLE = Manual;
				COMBINE_HIDPI_IMAGES = YES;
				DEVELOPMENT_TEAM = 9CA5KUE8T7;
				GCC_INPUT_FILETYPE = sourcecode.cpp.objcpp;
				INFOPLIST_FILE = ChaosComponent/Info.plist;
				IPHONEOS_DEPLOYMENT_TARGET = 11.0;
				LD_RUNPATH_SEARCH_PATHS = (
					"$(inherited)",
					"@executable_path/../Frameworks",
				);
				PRODUCT_BUNDLE_IDENTIFIER = com.jinher.jingquezhili;
				PRODUCT_NAME = "$(TARGET_NAME)";
				PROVISIONING_PROFILE_SPECIFIER = jingquezhili;
				SDKROOT = iphoneos;
				TARGETED_DEVICE_FAMILY = 1;
			};
			name = Release;
		};
		0C6BD03025F4F0F2002E387A /* Debug */ = {
			isa = XCBuildConfiguration;
			buildSettings = {
				BUNDLE_LOADER = "$(TEST_HOST)";
				CODE_SIGN_STYLE = Automatic;
				COMBINE_HIDPI_IMAGES = YES;
				INFOPLIST_FILE = ChaosComponentTests/Info.plist;
				LD_RUNPATH_SEARCH_PATHS = (
					"$(inherited)",
					"@executable_path/../Frameworks",
					"@loader_path/../Frameworks",
				);
				MACOSX_DEPLOYMENT_TARGET = 11.1;
				PRODUCT_BUNDLE_IDENTIFIER = com.testOB.ChaosComponentTests;
				PRODUCT_NAME = "$(TARGET_NAME)";
				TEST_HOST = "$(BUILT_PRODUCTS_DIR)/ChaosComponent.app/Contents/MacOS/ChaosComponent";
			};
			name = Debug;
		};
		0C6BD03125F4F0F2002E387A /* Release */ = {
			isa = XCBuildConfiguration;
			buildSettings = {
				BUNDLE_LOADER = "$(TEST_HOST)";
				CODE_SIGN_STYLE = Automatic;
				COMBINE_HIDPI_IMAGES = YES;
				INFOPLIST_FILE = ChaosComponentTests/Info.plist;
				LD_RUNPATH_SEARCH_PATHS = (
					"$(inherited)",
					"@executable_path/../Frameworks",
					"@loader_path/../Frameworks",
				);
				MACOSX_DEPLOYMENT_TARGET = 11.1;
				PRODUCT_BUNDLE_IDENTIFIER = com.testOB.ChaosComponentTests;
				PRODUCT_NAME = "$(TARGET_NAME)";
				TEST_HOST = "$(BUILT_PRODUCTS_DIR)/ChaosComponent.app/Contents/MacOS/ChaosComponent";
			};
			name = Release;
		};
		0C6BD03325F4F0F2002E387A /* Debug */ = {
			isa = XCBuildConfiguration;
			buildSettings = {
				CODE_SIGN_STYLE = Automatic;
				COMBINE_HIDPI_IMAGES = YES;
				INFOPLIST_FILE = ChaosComponentUITests/Info.plist;
				LD_RUNPATH_SEARCH_PATHS = (
					"$(inherited)",
					"@executable_path/../Frameworks",
					"@loader_path/../Frameworks",
				);
				PRODUCT_BUNDLE_IDENTIFIER = com.testOB.ChaosComponentUITests;
				PRODUCT_NAME = "$(TARGET_NAME)";
				TEST_TARGET_NAME = ChaosComponent;
			};
			name = Debug;
		};
		0C6BD03425F4F0F2002E387A /* Release */ = {
			isa = XCBuildConfiguration;
			buildSettings = {
				CODE_SIGN_STYLE = Automatic;
				COMBINE_HIDPI_IMAGES = YES;
				INFOPLIST_FILE = ChaosComponentUITests/Info.plist;
				LD_RUNPATH_SEARCH_PATHS = (
					"$(inherited)",
					"@executable_path/../Frameworks",
					"@loader_path/../Frameworks",
				);
				PRODUCT_BUNDLE_IDENTIFIER = com.testOB.ChaosComponentUITests;
				PRODUCT_NAME = "$(TARGET_NAME)";
				TEST_TARGET_NAME = ChaosComponent;
			};
			name = Release;
		};
/* End XCBuildConfiguration section */

/* Begin XCConfigurationList section */
		0C6BCFFD25F4F0EF002E387A /* Build configuration list for PBXProject "ChaosComponent" */ = {
			isa = XCConfigurationList;
			buildConfigurations = (
				0C6BD02A25F4F0F2002E387A /* Debug */,
				0C6BD02B25F4F0F2002E387A /* Release */,
			);
			defaultConfigurationIsVisible = 0;
			defaultConfigurationName = Release;
		};
		0C6BD02C25F4F0F2002E387A /* Build configuration list for PBXNativeTarget "ChaosComponent" */ = {
			isa = XCConfigurationList;
			buildConfigurations = (
				0C6BD02D25F4F0F2002E387A /* Debug */,
				0C6BD02E25F4F0F2002E387A /* Release */,
			);
			defaultConfigurationIsVisible = 0;
			defaultConfigurationName = Release;
		};
		0C6BD02F25F4F0F2002E387A /* Build configuration list for PBXNativeTarget "ChaosComponentTests" */ = {
			isa = XCConfigurationList;
			buildConfigurations = (
				0C6BD03025F4F0F2002E387A /* Debug */,
				0C6BD03125F4F0F2002E387A /* Release */,
			);
			defaultConfigurationIsVisible = 0;
			defaultConfigurationName = Release;
		};
		0C6BD03225F4F0F2002E387A /* Build configuration list for PBXNativeTarget "ChaosComponentUITests" */ = {
			isa = XCConfigurationList;
			buildConfigurations = (
				0C6BD03325F4F0F2002E387A /* Debug */,
				0C6BD03425F4F0F2002E387A /* Release */,
			);
			defaultConfigurationIsVisible = 0;
			defaultConfigurationName = Release;
		};
/* End XCConfigurationList section */
	};
	rootObject = 0C6BCFFA25F4F0EF002E387A /* Project object */;
}
